
Microsoft Visual Studio Solution File, Format Version 12.00
# Visual Studio Version 16
VisualStudioVersion = 16.0.30523.141
MinimumVisualStudioVersion = 10.0.40219.1
Project("{FAE04EC0-301F-11D3-BF4B-00C04F79EFBC}") = "Calculator", "Calculator\Calculator.csproj", "{DCD47014-A4F9-4AEB-85FF-A672E2F7B114}"
EndProject
Global
	GlobalSection(SolutionConfigurationPlatforms) = preSolution
		Debug|Any CPU = Debug|Any CPU
		Release|Any CPU = Release|Any CPU
	EndGlobalSection
	GlobalSection(ProjectConfigurationPlatforms) = postSolution
		{DCD47014-A4F9-4AEB-85FF-A672E2F7B114}.Debug|Any CPU.ActiveCfg = Debug|Any CPU
		{DCD47014-A4F9-4AEB-85FF-A672E2F7B114}.Debug|Any CPU.Build.0 = Debug|Any CPU
		{DCD47014-A4F9-4AEB-85FF-A672E2F7B114}.Release|Any CPU.ActiveCfg = Release|Any CPU
		{DCD47014-A4F9-4AEB-85FF-A672E2F7B114}.Release|Any CPU.Build.0 = Release|Any CPU
	EndGlobalSection
	GlobalSection(SolutionProperties) = preSolution
		HideSolutionNode = FALSE
	EndGlobalSection
	GlobalSection(ExtensibilityGlobals) = postSolution
		SolutionGuid = {996577B7-E5A6-4EEA-87B5-A9DF8B934234}
	EndGlobalSection
EndGlobal
